# THIS IS AN AUTOGENERATED FILE. DO NOT EDIT THIS FILE DIRECTLY.
# yarn lockfile v1


"@types/node@^7.0.29":
  version "7.0.29"
  resolved "http://registry.npm.taobao.org/@types/node/download/@types/node-7.0.29.tgz#ccfcec5b7135c7caf6c4ffb8c7f33102340d99df"

typescript@^2.3.4:
  version "2.3.4"
  resolved "http://registry.npm.taobao.org/typescript/download/typescript-2.3.4.tgz#3d38321828231e434f287514959c37a82b629f42"
